// !$*UTF8*$!
{
	archiveVersion = 1;
	classes = {
	};
	objectVersion = 56;
	objects = {

/* Begin PBXBuildFile section */
		D44C1EAF29BD034A0050FED3 /* DataControllerTests.swift in Sources */ = {isa = PBXBuildFile; fileRef = D44C1EAD29BD02E90050FED3 /* DataControllerTests.swift */; };
		D44D782429BD59B80060C8D5 /* UserDataInteractor.swift in Sources */ = {isa = PBXBuildFile; fileRef = D44D782329BD59B80060C8D5 /* UserDataInteractor.swift */; };
		D44D782629BD64A80060C8D5 /* UserData.swift in Sources */ = {isa = PBXBuildFile; fileRef = D44D782529BD64A80060C8D5 /* UserData.swift */; };
		D44D782829BF02500060C8D5 /* TagSetting.swift in Sources */ = {isa = PBXBuildFile; fileRef = D44D782729BF02500060C8D5 /* TagSetting.swift */; };
		D46DB7A229A5B9FD00645147 /* WordChange.swift in Sources */ = {isa = PBXBuildFile; fileRef = D46DB79F29A5B9FD00645147 /* WordChange.swift */; };
		D46DB7A329A5B9FD00645147 /* Word.swift in Sources */ = {isa = PBXBuildFile; fileRef = D46DB7A029A5B9FD00645147 /* Word.swift */; };
		D46DB7A429A5B9FD00645147 /* WordTag.swift in Sources */ = {isa = PBXBuildFile; fileRef = D46DB7A129A5B9FD00645147 /* WordTag.swift */; };
		D46DB7A829A5BA2800645147 /* ECDictRepo.swift in Sources */ = {isa = PBXBuildFile; fileRef = D46DB7A729A5BA2800645147 /* ECDictRepo.swift */; };
		D46DB7AA29A5BB5A00645147 /* db_ecdict.sqlite3 in Resources */ = {isa = PBXBuildFile; fileRef = D46DB7A929A5BB5A00645147 /* db_ecdict.sqlite3 */; };
		D46DB7AD29A750F100645147 /* Loadable.swift in Sources */ = {isa = PBXBuildFile; fileRef = D46DB7AC29A750F100645147 /* Loadable.swift */; };
		D46DB7AF29A752EA00645147 /* CancelBag.swift in Sources */ = {isa = PBXBuildFile; fileRef = D46DB7AE29A752EA00645147 /* CancelBag.swift */; };
		D46DB7B129A78BD000645147 /* LoadableTests.swift in Sources */ = {isa = PBXBuildFile; fileRef = D46DB7B029A78BD000645147 /* LoadableTests.swift */; };
		D46DB7B429A7933E00645147 /* ECDictInteractor.swift in Sources */ = {isa = PBXBuildFile; fileRef = D46DB7B329A7933E00645147 /* ECDictInteractor.swift */; };
		D46DB7B729A79EA100645147 /* InteractorsContainer.swift in Sources */ = {isa = PBXBuildFile; fileRef = D46DB7B629A79EA100645147 /* InteractorsContainer.swift */; };
		D46DB7B929A7A00B00645147 /* DependencyInjector.swift in Sources */ = {isa = PBXBuildFile; fileRef = D46DB7B829A7A00B00645147 /* DependencyInjector.swift */; };
		D46DB7BD29AC943500645147 /* TagList.swift in Sources */ = {isa = PBXBuildFile; fileRef = D46DB7BC29AC943500645147 /* TagList.swift */; };
		D46DB7C029AC98A500645147 /* AppEnvironment.swift in Sources */ = {isa = PBXBuildFile; fileRef = D46DB7BF29AC98A500645147 /* AppEnvironment.swift */; };
		D46DB7C229ACDFB000645147 /* AppState.swift in Sources */ = {isa = PBXBuildFile; fileRef = D46DB7C129ACDFB000645147 /* AppState.swift */; };
		D46DB7C729AF506600645147 /* WordList.swift in Sources */ = {isa = PBXBuildFile; fileRef = D46DB7C629AF506600645147 /* WordList.swift */; };
		D46DB7CA29AF752200645147 /* WordDetail.swift in Sources */ = {isa = PBXBuildFile; fileRef = D46DB7C929AF752200645147 /* WordDetail.swift */; };
		D46DB7CD29AF86B700645147 /* ErrorView.swift in Sources */ = {isa = PBXBuildFile; fileRef = D46DB7CC29AF86B700645147 /* ErrorView.swift */; };
		D46DB7CF29AF8ACF00645147 /* IdleView.swift in Sources */ = {isa = PBXBuildFile; fileRef = D46DB7CE29AF8ACF00645147 /* IdleView.swift */; };
		D46DB7D129AFA96E00645147 /* LoadingView.swift in Sources */ = {isa = PBXBuildFile; fileRef = D46DB7D029AFA96E00645147 /* LoadingView.swift */; };
		D46DB7D529B5EC4F00645147 /* SpeechEngine.swift in Sources */ = {isa = PBXBuildFile; fileRef = D46DB7D429B5EC4F00645147 /* SpeechEngine.swift */; };
		D46DB7D729B654A600645147 /* Binding+.swift in Sources */ = {isa = PBXBuildFile; fileRef = D46DB7D629B654A600645147 /* Binding+.swift */; };
		D46DB7DB29B72AB400645147 /* SpeechInteractor.swift in Sources */ = {isa = PBXBuildFile; fileRef = D46DB7DA29B72AB400645147 /* SpeechInteractor.swift */; };
		D46DB7DD29B7372A00645147 /* Quiz.swift in Sources */ = {isa = PBXBuildFile; fileRef = D46DB7DC29B7372A00645147 /* Quiz.swift */; };
		D46DB7DF29B7670D00645147 /* UserPermissionInteractor.swift in Sources */ = {isa = PBXBuildFile; fileRef = D46DB7DE29B7670D00645147 /* UserPermissionInteractor.swift */; };
		D46DB7E429BB412700645147 /* FlyingWords.xcdatamodeld in Sources */ = {isa = PBXBuildFile; fileRef = D46DB7E229BB412700645147 /* FlyingWords.xcdatamodeld */; };
		D46DB7E629BB428D00645147 /* DataController.swift in Sources */ = {isa = PBXBuildFile; fileRef = D46DB7E529BB428D00645147 /* DataController.swift */; };
		D488307229BFA35B00909469 /* TagSelection.swift in Sources */ = {isa = PBXBuildFile; fileRef = D488307129BFA35B00909469 /* TagSelection.swift */; };
		D4AA7B9F29A5AE4400CC463A /* WordyApp.swift in Sources */ = {isa = PBXBuildFile; fileRef = D4AA7B9E29A5AE4400CC463A /* WordyApp.swift */; };
		D4AA7BA129A5AE4400CC463A /* ContentView.swift in Sources */ = {isa = PBXBuildFile; fileRef = D4AA7BA029A5AE4400CC463A /* ContentView.swift */; };
		D4AA7BA329A5AE4500CC463A /* Assets.xcassets in Resources */ = {isa = PBXBuildFile; fileRef = D4AA7BA229A5AE4500CC463A /* Assets.xcassets */; };
		D4AA7BA629A5AE4500CC463A /* Preview Assets.xcassets in Resources */ = {isa = PBXBuildFile; fileRef = D4AA7BA529A5AE4500CC463A /* Preview Assets.xcassets */; };
		D4AA7BB029A5AE4500CC463A /* WordyTests.swift in Sources */ = {isa = PBXBuildFile; fileRef = D4AA7BAF29A5AE4500CC463A /* WordyTests.swift */; };
		D4AA7BBA29A5AE4500CC463A /* WordyUITests.swift in Sources */ = {isa = PBXBuildFile; fileRef = D4AA7BB929A5AE4500CC463A /* WordyUITests.swift */; };
		D4AA7BBC29A5AE4500CC463A /* WordyUITestsLaunchTests.swift in Sources */ = {isa = PBXBuildFile; fileRef = D4AA7BBB29A5AE4500CC463A /* WordyUITestsLaunchTests.swift */; };
		D4AA7BCA29A5B0A100CC463A /* SQLite in Frameworks */ = {isa = PBXBuildFile; productRef = D4AA7BC929A5B0A100CC463A /* SQLite */; };
/* End PBXBuildFile section */

/* Begin PBXContainerItemProxy section */
		D4AA7BAC29A5AE4500CC463A /* PBXContainerItemProxy */ = {
			isa = PBXContainerItemProxy;
			containerPortal = D4AA7B9329A5AE4400CC463A /* Project object */;
			proxyType = 1;
			remoteGlobalIDString = D4AA7B9A29A5AE4400CC463A;
			remoteInfo = Wordy;
		};
		D4AA7BB629A5AE4500CC463A /* PBXContainerItemProxy */ = {
			isa = PBXContainerItemProxy;
			containerPortal = D4AA7B9329A5AE4400CC463A /* Project object */;
			proxyType = 1;
			remoteGlobalIDString = D4AA7B9A29A5AE4400CC463A;
			remoteInfo = Wordy;
		};
/* End PBXContainerItemProxy section */

/* Begin PBXFileReference section */
		D44C1EAD29BD02E90050FED3 /* DataControllerTests.swift */ = {isa = PBXFileReference; lastKnownFileType = sourcecode.swift; name = DataControllerTests.swift; path = WordyTests/DataControllerTests.swift; sourceTree = SOURCE_ROOT; };
		D44D782329BD59B80060C8D5 /* UserDataInteractor.swift */ = {isa = PBXFileReference; lastKnownFileType = sourcecode.swift; path = UserDataInteractor.swift; sourceTree = "<group>"; };
		D44D782529BD64A80060C8D5 /* UserData.swift */ = {isa = PBXFileReference; lastKnownFileType = sourcecode.swift; path = UserData.swift; sourceTree = "<group>"; };
		D44D782729BF02500060C8D5 /* TagSetting.swift */ = {isa = PBXFileReference; lastKnownFileType = sourcecode.swift; path = TagSetting.swift; sourceTree = "<group>"; };
		D46DB79F29A5B9FD00645147 /* WordChange.swift */ = {isa = PBXFileReference; fileEncoding = 4; lastKnownFileType = sourcecode.swift; path = WordChange.swift; sourceTree = "<group>"; };
		D46DB7A029A5B9FD00645147 /* Word.swift */ = {isa = PBXFileReference; fileEncoding = 4; lastKnownFileType = sourcecode.swift; path = Word.swift; sourceTree = "<group>"; };
		D46DB7A129A5B9FD00645147 /* WordTag.swift */ = {isa = PBXFileReference; fileEncoding = 4; lastKnownFileType = sourcecode.swift; path = WordTag.swift; sourceTree = "<group>"; };
		D46DB7A729A5BA2800645147 /* ECDictRepo.swift */ = {isa = PBXFileReference; fileEncoding = 4; lastKnownFileType = sourcecode.swift; path = ECDictRepo.swift; sourceTree = "<group>"; };
		D46DB7A929A5BB5A00645147 /* db_ecdict.sqlite3 */ = {isa = PBXFileReference; lastKnownFileType = file; path = db_ecdict.sqlite3; sourceTree = "<group>"; };
		D46DB7AC29A750F100645147 /* Loadable.swift */ = {isa = PBXFileReference; lastKnownFileType = sourcecode.swift; path = Loadable.swift; sourceTree = "<group>"; };
		D46DB7AE29A752EA00645147 /* CancelBag.swift */ = {isa = PBXFileReference; lastKnownFileType = sourcecode.swift; path = CancelBag.swift; sourceTree = "<group>"; };
		D46DB7B029A78BD000645147 /* LoadableTests.swift */ = {isa = PBXFileReference; lastKnownFileType = sourcecode.swift; path = LoadableTests.swift; sourceTree = "<group>"; };
		D46DB7B329A7933E00645147 /* ECDictInteractor.swift */ = {isa = PBXFileReference; lastKnownFileType = sourcecode.swift; path = ECDictInteractor.swift; sourceTree = "<group>"; };
		D46DB7B629A79EA100645147 /* InteractorsContainer.swift */ = {isa = PBXFileReference; lastKnownFileType = sourcecode.swift; path = InteractorsContainer.swift; sourceTree = "<group>"; };
		D46DB7B829A7A00B00645147 /* DependencyInjector.swift */ = {isa = PBXFileReference; lastKnownFileType = sourcecode.swift; path = DependencyInjector.swift; sourceTree = "<group>"; };
		D46DB7BC29AC943500645147 /* TagList.swift */ = {isa = PBXFileReference; lastKnownFileType = sourcecode.swift; path = TagList.swift; sourceTree = "<group>"; };
		D46DB7BF29AC98A500645147 /* AppEnvironment.swift */ = {isa = PBXFileReference; lastKnownFileType = sourcecode.swift; path = AppEnvironment.swift; sourceTree = "<group>"; };
		D46DB7C129ACDFB000645147 /* AppState.swift */ = {isa = PBXFileReference; lastKnownFileType = sourcecode.swift; path = AppState.swift; sourceTree = "<group>"; };
		D46DB7C529AE299800645147 /* Info.plist */ = {isa = PBXFileReference; lastKnownFileType = text.plist; path = Info.plist; sourceTree = "<group>"; };
		D46DB7C629AF506600645147 /* WordList.swift */ = {isa = PBXFileReference; lastKnownFileType = sourcecode.swift; path = WordList.swift; sourceTree = "<group>"; };
		D46DB7C929AF752200645147 /* WordDetail.swift */ = {isa = PBXFileReference; lastKnownFileType = sourcecode.swift; path = WordDetail.swift; sourceTree = "<group>"; };
		D46DB7CC29AF86B700645147 /* ErrorView.swift */ = {isa = PBXFileReference; lastKnownFileType = sourcecode.swift; path = ErrorView.swift; sourceTree = "<group>"; };
		D46DB7CE29AF8ACF00645147 /* IdleView.swift */ = {isa = PBXFileReference; lastKnownFileType = sourcecode.swift; path = IdleView.swift; sourceTree = "<group>"; };
		D46DB7D029AFA96E00645147 /* LoadingView.swift */ = {isa = PBXFileReference; lastKnownFileType = sourcecode.swift; path = LoadingView.swift; sourceTree = "<group>"; };
		D46DB7D429B5EC4F00645147 /* SpeechEngine.swift */ = {isa = PBXFileReference; lastKnownFileType = sourcecode.swift; path = SpeechEngine.swift; sourceTree = "<group>"; };
		D46DB7D629B654A600645147 /* Binding+.swift */ = {isa = PBXFileReference; lastKnownFileType = sourcecode.swift; path = "Binding+.swift"; sourceTree = "<group>"; };
		D46DB7DA29B72AB400645147 /* SpeechInteractor.swift */ = {isa = PBXFileReference; lastKnownFileType = sourcecode.swift; path = SpeechInteractor.swift; sourceTree = "<group>"; };
		D46DB7DC29B7372A00645147 /* Quiz.swift */ = {isa = PBXFileReference; lastKnownFileType = sourcecode.swift; path = Quiz.swift; sourceTree = "<group>"; };
		D46DB7DE29B7670D00645147 /* UserPermissionInteractor.swift */ = {isa = PBXFileReference; lastKnownFileType = sourcecode.swift; path = UserPermissionInteractor.swift; sourceTree = "<group>"; };
		D46DB7E329BB412700645147 /* FlyingWords.xcdatamodel */ = {isa = PBXFileReference; lastKnownFileType = wrapper.xcdatamodel; path = FlyingWords.xcdatamodel; sourceTree = "<group>"; };
		D46DB7E529BB428D00645147 /* DataController.swift */ = {isa = PBXFileReference; lastKnownFileType = sourcecode.swift; path = DataController.swift; sourceTree = "<group>"; };
		D488307129BFA35B00909469 /* TagSelection.swift */ = {isa = PBXFileReference; lastKnownFileType = sourcecode.swift; path = TagSelection.swift; sourceTree = "<group>"; };
		D4AA7B9B29A5AE4400CC463A /* Wordy.app */ = {isa = PBXFileReference; explicitFileType = wrapper.application; includeInIndex = 0; path = Wordy.app; sourceTree = BUILT_PRODUCTS_DIR; };
		D4AA7B9E29A5AE4400CC463A /* WordyApp.swift */ = {isa = PBXFileReference; lastKnownFileType = sourcecode.swift; path = WordyApp.swift; sourceTree = "<group>"; };
		D4AA7BA029A5AE4400CC463A /* ContentView.swift */ = {isa = PBXFileReference; lastKnownFileType = sourcecode.swift; path = ContentView.swift; sourceTree = "<group>"; };
		D4AA7BA229A5AE4500CC463A /* Assets.xcassets */ = {isa = PBXFileReference; lastKnownFileType = folder.assetcatalog; path = Assets.xcassets; sourceTree = "<group>"; };
		D4AA7BA529A5AE4500CC463A /* Preview Assets.xcassets */ = {isa = PBXFileReference; lastKnownFileType = folder.assetcatalog; path = "Preview Assets.xcassets"; sourceTree = "<group>"; };
		D4AA7BAB29A5AE4500CC463A /* WordyTests.xctest */ = {isa = PBXFileReference; explicitFileType = wrapper.cfbundle; includeInIndex = 0; path = WordyTests.xctest; sourceTree = BUILT_PRODUCTS_DIR; };
		D4AA7BAF29A5AE4500CC463A /* WordyTests.swift */ = {isa = PBXFileReference; lastKnownFileType = sourcecode.swift; path = WordyTests.swift; sourceTree = "<group>"; };
		D4AA7BB529A5AE4500CC463A /* WordyUITests.xctest */ = {isa = PBXFileReference; explicitFileType = wrapper.cfbundle; includeInIndex = 0; path = WordyUITests.xctest; sourceTree = BUILT_PRODUCTS_DIR; };
		D4AA7BB929A5AE4500CC463A /* WordyUITests.swift */ = {isa = PBXFileReference; lastKnownFileType = sourcecode.swift; path = WordyUITests.swift; sourceTree = "<group>"; };
		D4AA7BBB29A5AE4500CC463A /* WordyUITestsLaunchTests.swift */ = {isa = PBXFileReference; lastKnownFileType = sourcecode.swift; path = WordyUITestsLaunchTests.swift; sourceTree = "<group>"; };
/* End PBXFileReference section */

/* Begin PBXFrameworksBuildPhase section */
		D4AA7B9829A5AE4400CC463A /* Frameworks */ = {
			isa = PBXFrameworksBuildPhase;
			buildActionMask = 2147483647;
			files = (
				D4AA7BCA29A5B0A100CC463A /* SQLite in Frameworks */,
			);
			runOnlyForDeploymentPostprocessing = 0;
		};
		D4AA7BA829A5AE4500CC463A /* Frameworks */ = {
			isa = PBXFrameworksBuildPhase;
			buildActionMask = 2147483647;
			files = (
			);
			runOnlyForDeploymentPostprocessing = 0;
		};
		D4AA7BB229A5AE4500CC463A /* Frameworks */ = {
			isa = PBXFrameworksBuildPhase;
			buildActionMask = 2147483647;
			files = (
			);
			runOnlyForDeploymentPostprocessing = 0;
		};
/* End PBXFrameworksBuildPhase section */

/* Begin PBXGroup section */
		D46DB7AB29A750DC00645147 /* Utilities */ = {
			isa = PBXGroup;
			children = (
				D46DB7AC29A750F100645147 /* Loadable.swift */,
				D46DB7AE29A752EA00645147 /* CancelBag.swift */,
				D46DB7D429B5EC4F00645147 /* SpeechEngine.swift */,
				D46DB7D629B654A600645147 /* Binding+.swift */,
			);
			path = Utilities;
			sourceTree = "<group>";
		};
		D46DB7B229A7931400645147 /* Interactors */ = {
			isa = PBXGroup;
			children = (
				D46DB7B329A7933E00645147 /* ECDictInteractor.swift */,
				D46DB7DA29B72AB400645147 /* SpeechInteractor.swift */,
				D46DB7DE29B7670D00645147 /* UserPermissionInteractor.swift */,
				D44D782329BD59B80060C8D5 /* UserDataInteractor.swift */,
			);
			path = Interactors;
			sourceTree = "<group>";
		};
		D46DB7B529A79E9000645147 /* Injected */ = {
			isa = PBXGroup;
			children = (
				D46DB7B629A79EA100645147 /* InteractorsContainer.swift */,
				D46DB7B829A7A00B00645147 /* DependencyInjector.swift */,
				D46DB7C129ACDFB000645147 /* AppState.swift */,
			);
			path = Injected;
			sourceTree = "<group>";
		};
		D46DB7BE29AC989500645147 /* System */ = {
			isa = PBXGroup;
			children = (
				D46DB7BF29AC98A500645147 /* AppEnvironment.swift */,
			);
			path = System;
			sourceTree = "<group>";
		};
		D46DB7C829AF506A00645147 /* Screens */ = {
			isa = PBXGroup;
			children = (
				D46DB7BC29AC943500645147 /* TagList.swift */,
				D46DB7C629AF506600645147 /* WordList.swift */,
				D46DB7C929AF752200645147 /* WordDetail.swift */,
				D44D782529BD64A80060C8D5 /* UserData.swift */,
				D46DB7DC29B7372A00645147 /* Quiz.swift */,
				D44D782729BF02500060C8D5 /* TagSetting.swift */,
				D488307129BFA35B00909469 /* TagSelection.swift */,
			);
			path = Screens;
			sourceTree = "<group>";
		};
		D46DB7CB29AF869B00645147 /* Components */ = {
			isa = PBXGroup;
			children = (
				D46DB7CE29AF8ACF00645147 /* IdleView.swift */,
				D46DB7CC29AF86B700645147 /* ErrorView.swift */,
				D46DB7D029AFA96E00645147 /* LoadingView.swift */,
			);
			path = Components;
			sourceTree = "<group>";
		};
		D4AA7B9229A5AE4400CC463A = {
			isa = PBXGroup;
			children = (
				D4AA7B9D29A5AE4400CC463A /* Wordy */,
				D4AA7BAE29A5AE4500CC463A /* WordyTests */,
				D4AA7BB829A5AE4500CC463A /* WordyUITests */,
				D4AA7B9C29A5AE4400CC463A /* Products */,
			);
			sourceTree = "<group>";
		};
		D4AA7B9C29A5AE4400CC463A /* Products */ = {
			isa = PBXGroup;
			children = (
				D4AA7B9B29A5AE4400CC463A /* Wordy.app */,
				D4AA7BAB29A5AE4500CC463A /* WordyTests.xctest */,
				D4AA7BB529A5AE4500CC463A /* WordyUITests.xctest */,
			);
			name = Products;
			sourceTree = "<group>";
		};
		D4AA7B9D29A5AE4400CC463A /* Wordy */ = {
			isa = PBXGroup;
			children = (
				D46DB7C529AE299800645147 /* Info.plist */,
				D46DB7BE29AC989500645147 /* System */,
				D46DB7B529A79E9000645147 /* Injected */,
				D46DB7B229A7931400645147 /* Interactors */,
				D46DB7AB29A750DC00645147 /* Utilities */,
				D4AA7BCE29A5B30900CC463A /* Models */,
				D4AA7BCD29A5B2D500CC463A /* Repositories */,
				D4AA7BCB29A5B28F00CC463A /* Presentation */,
				D4AA7BCC29A5B29C00CC463A /* Resources */,
			);
			path = Wordy;
			sourceTree = "<group>";
		};
		D4AA7BAE29A5AE4500CC463A /* WordyTests */ = {
			isa = PBXGroup;
			children = (
				D4AA7BAF29A5AE4500CC463A /* WordyTests.swift */,
				D46DB7B029A78BD000645147 /* LoadableTests.swift */,
				D44C1EAD29BD02E90050FED3 /* DataControllerTests.swift */,
			);
			path = WordyTests;
			sourceTree = "<group>";
		};
		D4AA7BB829A5AE4500CC463A /* WordyUITests */ = {
			isa = PBXGroup;
			children = (
				D4AA7BB929A5AE4500CC463A /* WordyUITests.swift */,
				D4AA7BBB29A5AE4500CC463A /* WordyUITestsLaunchTests.swift */,
			);
			path = WordyUITests;
			sourceTree = "<group>";
		};
		D4AA7BCB29A5B28F00CC463A /* Presentation */ = {
			isa = PBXGroup;
			children = (
				D4AA7B9E29A5AE4400CC463A /* WordyApp.swift */,
				D4AA7BA029A5AE4400CC463A /* ContentView.swift */,
				D46DB7C829AF506A00645147 /* Screens */,
				D46DB7CB29AF869B00645147 /* Components */,
			);
			path = Presentation;
			sourceTree = "<group>";
		};
		D4AA7BCC29A5B29C00CC463A /* Resources */ = {
			isa = PBXGroup;
			children = (
				D4AA7BA229A5AE4500CC463A /* Assets.xcassets */,
				D4AA7BA529A5AE4500CC463A /* Preview Assets.xcassets */,
				D46DB7E229BB412700645147 /* FlyingWords.xcdatamodeld */,
				D46DB7A929A5BB5A00645147 /* db_ecdict.sqlite3 */,
			);
			path = Resources;
			sourceTree = "<group>";
		};
		D4AA7BCD29A5B2D500CC463A /* Repositories */ = {
			isa = PBXGroup;
			children = (
				D46DB7E529BB428D00645147 /* DataController.swift */,
				D46DB7A729A5BA2800645147 /* ECDictRepo.swift */,
			);
			path = Repositories;
			sourceTree = "<group>";
		};
		D4AA7BCE29A5B30900CC463A /* Models */ = {
			isa = PBXGroup;
			children = (
				D46DB7A029A5B9FD00645147 /* Word.swift */,
				D46DB79F29A5B9FD00645147 /* WordChange.swift */,
				D46DB7A129A5B9FD00645147 /* WordTag.swift */,
			);
			path = Models;
			sourceTree = "<group>";
		};
/* End PBXGroup section */

/* Begin PBXNativeTarget section */
		D4AA7B9A29A5AE4400CC463A /* Wordy */ = {
			isa = PBXNativeTarget;
			buildConfigurationList = D4AA7BBF29A5AE4500CC463A /* Build configuration list for PBXNativeTarget "Wordy" */;
			buildPhases = (
				D4AA7B9729A5AE4400CC463A /* Sources */,
				D4AA7B9829A5AE4400CC463A /* Frameworks */,
				D4AA7B9929A5AE4400CC463A /* Resources */,
			);
			buildRules = (
			);
			dependencies = (
			);
			name = Wordy;
			packageProductDependencies = (
				D4AA7BC929A5B0A100CC463A /* SQLite */,
			);
			productName = Wordy;
			productReference = D4AA7B9B29A5AE4400CC463A /* Wordy.app */;
			productType = "com.apple.product-type.application";
		};
		D4AA7BAA29A5AE4500CC463A /* WordyTests */ = {
			isa = PBXNativeTarget;
			buildConfigurationList = D4AA7BC229A5AE4500CC463A /* Build configuration list for PBXNativeTarget "WordyTests" */;
			buildPhases = (
				D4AA7BA729A5AE4500CC463A /* Sources */,
				D4AA7BA829A5AE4500CC463A /* Frameworks */,
				D4AA7BA929A5AE4500CC463A /* Resources */,
			);
			buildRules = (
			);
			dependencies = (
				D4AA7BAD29A5AE4500CC463A /* PBXTargetDependency */,
			);
			name = WordyTests;
			productName = WordyTests;
			productReference = D4AA7BAB29A5AE4500CC463A /* WordyTests.xctest */;
			productType = "com.apple.product-type.bundle.unit-test";
		};
		D4AA7BB429A5AE4500CC463A /* WordyUITests */ = {
			isa = PBXNativeTarget;
			buildConfigurationList = D4AA7BC529A5AE4500CC463A /* Build configuration list for PBXNativeTarget "WordyUITests" */;
			buildPhases = (
				D4AA7BB129A5AE4500CC463A /* Sources */,
				D4AA7BB229A5AE4500CC463A /* Frameworks */,
				D4AA7BB329A5AE4500CC463A /* Resources */,
			);
			buildRules = (
			);
			dependencies = (
				D4AA7BB729A5AE4500CC463A /* PBXTargetDependency */,
			);
			name = WordyUITests;
			productName = WordyUITests;
			productReference = D4AA7BB529A5AE4500CC463A /* WordyUITests.xctest */;
			productType = "com.apple.product-type.bundle.ui-testing";
		};
/* End PBXNativeTarget section */

/* Begin PBXProject section */
		D4AA7B9329A5AE4400CC463A /* Project object */ = {
			isa = PBXProject;
			attributes = {
				BuildIndependentTargetsInParallel = 1;
				LastSwiftUpdateCheck = 1420;
				LastUpgradeCheck = 1420;
				TargetAttributes = {
					D4AA7B9A29A5AE4400CC463A = {
						CreatedOnToolsVersion = 14.2;
					};
					D4AA7BAA29A5AE4500CC463A = {
						CreatedOnToolsVersion = 14.2;
						TestTargetID = D4AA7B9A29A5AE4400CC463A;
					};
					D4AA7BB429A5AE4500CC463A = {
						CreatedOnToolsVersion = 14.2;
						TestTargetID = D4AA7B9A29A5AE4400CC463A;
					};
				};
			};
			buildConfigurationList = D4AA7B9629A5AE4400CC463A /* Build configuration list for PBXProject "Wordy" */;
			compatibilityVersion = "Xcode 14.0";
			developmentRegion = en;
			hasScannedForEncodings = 0;
			knownRegions = (
				en,
				Base,
			);
			mainGroup = D4AA7B9229A5AE4400CC463A;
			packageReferences = (
				D4AA7BC829A5B0A100CC463A /* XCRemoteSwiftPackageReference "SQLite.swift" */,
			);
			productRefGroup = D4AA7B9C29A5AE4400CC463A /* Products */;
			projectDirPath = "";
			projectRoot = "";
			targets = (
				D4AA7B9A29A5AE4400CC463A /* Wordy */,
				D4AA7BAA29A5AE4500CC463A /* WordyTests */,
				D4AA7BB429A5AE4500CC463A /* WordyUITests */,
			);
		};
/* End PBXProject section */

/* Begin PBXResourcesBuildPhase section */
		D4AA7B9929A5AE4400CC463A /* Resources */ = {
			isa = PBXResourcesBuildPhase;
			buildActionMask = 2147483647;
			files = (
				D4AA7BA629A5AE4500CC463A /* Preview Assets.xcassets in Resources */,
				D46DB7AA29A5BB5A00645147 /* db_ecdict.sqlite3 in Resources */,
				D4AA7BA329A5AE4500CC463A /* Assets.xcassets in Resources */,
			);
			runOnlyForDeploymentPostprocessing = 0;
		};
		D4AA7BA929A5AE4500CC463A /* Resources */ = {
			isa = PBXResourcesBuildPhase;
			buildActionMask = 2147483647;
			files = (
			);
			runOnlyForDeploymentPostprocessing = 0;
		};
		D4AA7BB329A5AE4500CC463A /* Resources */ = {
			isa = PBXResourcesBuildPhase;
			buildActionMask = 2147483647;
			files = (
			);
			runOnlyForDeploymentPostprocessing = 0;
		};
/* End PBXResourcesBuildPhase section */

/* Begin PBXSourcesBuildPhase section */
		D4AA7B9729A5AE4400CC463A /* Sources */ = {
			isa = PBXSourcesBuildPhase;
			buildActionMask = 2147483647;
			files = (
				D46DB7CA29AF752200645147 /* WordDetail.swift in Sources */,
				D46DB7DD29B7372A00645147 /* Quiz.swift in Sources */,
				D44D782629BD64A80060C8D5 /* UserData.swift in Sources */,
				D46DB7E629BB428D00645147 /* DataController.swift in Sources */,
				D46DB7CD29AF86B700645147 /* ErrorView.swift in Sources */,
				D46DB7E429BB412700645147 /* FlyingWords.xcdatamodeld in Sources */,
				D46DB7A429A5B9FD00645147 /* WordTag.swift in Sources */,
				D46DB7DB29B72AB400645147 /* SpeechInteractor.swift in Sources */,
				D46DB7A829A5BA2800645147 /* ECDictRepo.swift in Sources */,
				D46DB7D129AFA96E00645147 /* LoadingView.swift in Sources */,
				D46DB7A329A5B9FD00645147 /* Word.swift in Sources */,
				D46DB7DF29B7670D00645147 /* UserPermissionInteractor.swift in Sources */,
				D46DB7B929A7A00B00645147 /* DependencyInjector.swift in Sources */,
				D46DB7B429A7933E00645147 /* ECDictInteractor.swift in Sources */,
				D46DB7D529B5EC4F00645147 /* SpeechEngine.swift in Sources */,
				D46DB7C229ACDFB000645147 /* AppState.swift in Sources */,
				D46DB7B729A79EA100645147 /* InteractorsContainer.swift in Sources */,
				D44D782829BF02500060C8D5 /* TagSetting.swift in Sources */,
				D46DB7C729AF506600645147 /* WordList.swift in Sources */,
				D44D782429BD59B80060C8D5 /* UserDataInteractor.swift in Sources */,
				D46DB7C029AC98A500645147 /* AppEnvironment.swift in Sources */,
				D4AA7BA129A5AE4400CC463A /* ContentView.swift in Sources */,
				D46DB7BD29AC943500645147 /* TagList.swift in Sources */,
				D46DB7AF29A752EA00645147 /* CancelBag.swift in Sources */,
				D46DB7AD29A750F100645147 /* Loadable.swift in Sources */,
				D488307229BFA35B00909469 /* TagSelection.swift in Sources */,
				D4AA7B9F29A5AE4400CC463A /* WordyApp.swift in Sources */,
				D46DB7A229A5B9FD00645147 /* WordChange.swift in Sources */,
				D46DB7CF29AF8ACF00645147 /* IdleView.swift in Sources */,
				D46DB7D729B654A600645147 /* Binding+.swift in Sources */,
			);
			runOnlyForDeploymentPostprocessing = 0;
		};
		D4AA7BA729A5AE4500CC463A /* Sources */ = {
			isa = PBXSourcesBuildPhase;
			buildActionMask = 2147483647;
			files = (
				D4AA7BB029A5AE4500CC463A /* WordyTests.swift in Sources */,
				D44C1EAF29BD034A0050FED3 /* DataControllerTests.swift in Sources */,
				D46DB7B129A78BD000645147 /* LoadableTests.swift in Sources */,
			);
			runOnlyForDeploymentPostprocessing = 0;
		};
		D4AA7BB129A5AE4500CC463A /* Sources */ = {
			isa = PBXSourcesBuildPhase;
			buildActionMask = 2147483647;
			files = (
				D4AA7BBC29A5AE4500CC463A /* WordyUITestsLaunchTests.swift in Sources */,
				D4AA7BBA29A5AE4500CC463A /* WordyUITests.swift in Sources */,
			);
			runOnlyForDeploymentPostprocessing = 0;
		};
/* End PBXSourcesBuildPhase section */

/* Begin PBXTargetDependency section */
		D4AA7BAD29A5AE4500CC463A /* PBXTargetDependency */ = {
			isa = PBXTargetDependency;
			target = D4AA7B9A29A5AE4400CC463A /* Wordy */;
			targetProxy = D4AA7BAC29A5AE4500CC463A /* PBXContainerItemProxy */;
		};
		D4AA7BB729A5AE4500CC463A /* PBXTargetDependency */ = {
			isa = PBXTargetDependency;
			target = D4AA7B9A29A5AE4400CC463A /* Wordy */;
			targetProxy = D4AA7BB629A5AE4500CC463A /* PBXContainerItemProxy */;
		};
/* End PBXTargetDependency section */

/* Begin XCBuildConfiguration section */
		D4AA7BBD29A5AE4500CC463A /* Debug */ = {
			isa = XCBuildConfiguration;
			buildSettings = {
				ALWAYS_SEARCH_USER_PATHS = NO;
				CLANG_ANALYZER_NONNULL = YES;
				CLANG_ANALYZER_NUMBER_OBJECT_CONVERSION = YES_AGGRESSIVE;
				CLANG_CXX_LANGUAGE_STANDARD = "gnu++20";
				CLANG_ENABLE_MODULES = YES;
				CLANG_ENABLE_OBJC_ARC = YES;
				CLANG_ENABLE_OBJC_WEAK = YES;
				CLANG_WARN_BLOCK_CAPTURE_AUTORELEASING = YES;
				CLANG_WARN_BOOL_CONVERSION = YES;
				CLANG_WARN_COMMA = YES;
				CLANG_WARN_CONSTANT_CONVERSION = YES;
				CLANG_WARN_DEPRECATED_OBJC_IMPLEMENTATIONS = YES;
				CLANG_WARN_DIRECT_OBJC_ISA_USAGE = YES_ERROR;
				CLANG_WARN_DOCUMENTATION_COMMENTS = YES;
				CLANG_WARN_EMPTY_BODY = YES;
				CLANG_WARN_ENUM_CONVERSION = YES;
				CLANG_WARN_INFINITE_RECURSION = YES;
				CLANG_WARN_INT_CONVERSION = YES;
				CLANG_WARN_NON_LITERAL_NULL_CONVERSION = YES;
				CLANG_WARN_OBJC_IMPLICIT_RETAIN_SELF = YES;
				CLANG_WARN_OBJC_LITERAL_CONVERSION = YES;
				CLANG_WARN_OBJC_ROOT_CLASS = YES_ERROR;
				CLANG_WARN_QUOTED_INCLUDE_IN_FRAMEWORK_HEADER = YES;
				CLANG_WARN_RANGE_LOOP_ANALYSIS = YES;
				CLANG_WARN_STRICT_PROTOTYPES = YES;
				CLANG_WARN_SUSPICIOUS_MOVE = YES;
				CLANG_WARN_UNGUARDED_AVAILABILITY = YES_AGGRESSIVE;
				CLANG_WARN_UNREACHABLE_CODE = YES;
				CLANG_WARN__DUPLICATE_METHOD_MATCH = YES;
				COPY_PHASE_STRIP = NO;
				DEBUG_INFORMATION_FORMAT = dwarf;
				ENABLE_STRICT_OBJC_MSGSEND = YES;
				ENABLE_TESTABILITY = YES;
				GCC_C_LANGUAGE_STANDARD = gnu11;
				GCC_DYNAMIC_NO_PIC = NO;
				GCC_NO_COMMON_BLOCKS = YES;
				GCC_OPTIMIZATION_LEVEL = 0;
				GCC_PREPROCESSOR_DEFINITIONS = (
					"DEBUG=1",
					"$(inherited)",
				);
				GCC_WARN_64_TO_32_BIT_CONVERSION = YES;
				GCC_WARN_ABOUT_RETURN_TYPE = YES_ERROR;
				GCC_WARN_UNDECLARED_SELECTOR = YES;
				GCC_WARN_UNINITIALIZED_AUTOS = YES_AGGRESSIVE;
				GCC_WARN_UNUSED_FUNCTION = YES;
				GCC_WARN_UNUSED_VARIABLE = YES;
				IPHONEOS_DEPLOYMENT_TARGET = 16.2;
				MTL_ENABLE_DEBUG_INFO = INCLUDE_SOURCE;
				MTL_FAST_MATH = YES;
				ONLY_ACTIVE_ARCH = YES;
				SDKROOT = iphoneos;
				SWIFT_ACTIVE_COMPILATION_CONDITIONS = DEBUG;
				SWIFT_OPTIMIZATION_LEVEL = "-Onone";
			};
			name = Debug;
		};
		D4AA7BBE29A5AE4500CC463A /* Release */ = {
			isa = XCBuildConfiguration;
			buildSettings = {
				ALWAYS_SEARCH_USER_PATHS = NO;
				CLANG_ANALYZER_NONNULL = YES;
				CLANG_ANALYZER_NUMBER_OBJECT_CONVERSION = YES_AGGRESSIVE;
				CLANG_CXX_LANGUAGE_STANDARD = "gnu++20";
				CLANG_ENABLE_MODULES = YES;
				CLANG_ENABLE_OBJC_ARC = YES;
				CLANG_ENABLE_OBJC_WEAK = YES;
				CLANG_WARN_BLOCK_CAPTURE_AUTORELEASING = YES;
				CLANG_WARN_BOOL_CONVERSION = YES;
				CLANG_WARN_COMMA = YES;
				CLANG_WARN_CONSTANT_CONVERSION = YES;
				CLANG_WARN_DEPRECATED_OBJC_IMPLEMENTATIONS = YES;
				CLANG_WARN_DIRECT_OBJC_ISA_USAGE = YES_ERROR;
				CLANG_WARN_DOCUMENTATION_COMMENTS = YES;
				CLANG_WARN_EMPTY_BODY = YES;
				CLANG_WARN_ENUM_CONVERSION = YES;
				CLANG_WARN_INFINITE_RECURSION = YES;
				CLANG_WARN_INT_CONVERSION = YES;
				CLANG_WARN_NON_LITERAL_NULL_CONVERSION = YES;
				CLANG_WARN_OBJC_IMPLICIT_RETAIN_SELF = YES;
				CLANG_WARN_OBJC_LITERAL_CONVERSION = YES;
				CLANG_WARN_OBJC_ROOT_CLASS = YES_ERROR;
				CLANG_WARN_QUOTED_INCLUDE_IN_FRAMEWORK_HEADER = YES;
				CLANG_WARN_RANGE_LOOP_ANALYSIS = YES;
				CLANG_WARN_STRICT_PROTOTYPES = YES;
				CLANG_WARN_SUSPICIOUS_MOVE = YES;
				CLANG_WARN_UNGUARDED_AVAILABILITY = YES_AGGRESSIVE;
				CLANG_WARN_UNREACHABLE_CODE = YES;
				CLANG_WARN__DUPLICATE_METHOD_MATCH = YES;
				COPY_PHASE_STRIP = NO;
				DEBUG_INFORMATION_FORMAT = "dwarf-with-dsym";
				ENABLE_NS_ASSERTIONS = NO;
				ENABLE_STRICT_OBJC_MSGSEND = YES;
				GCC_C_LANGUAGE_STANDARD = gnu11;
				GCC_NO_COMMON_BLOCKS = YES;
				GCC_WARN_64_TO_32_BIT_CONVERSION = YES;
				GCC_WARN_ABOUT_RETURN_TYPE = YES_ERROR;
				GCC_WARN_UNDECLARED_SELECTOR = YES;
				GCC_WARN_UNINITIALIZED_AUTOS = YES_AGGRESSIVE;
				GCC_WARN_UNUSED_FUNCTION = YES;
				GCC_WARN_UNUSED_VARIABLE = YES;
				IPHONEOS_DEPLOYMENT_TARGET = 16.2;
				MTL_ENABLE_DEBUG_INFO = NO;
				MTL_FAST_MATH = YES;
				SDKROOT = iphoneos;
				SWIFT_COMPILATION_MODE = wholemodule;
				SWIFT_OPTIMIZATION_LEVEL = "-O";
				VALIDATE_PRODUCT = YES;
			};
			name = Release;
		};
		D4AA7BC029A5AE4500CC463A /* Debug */ = {
			isa = XCBuildConfiguration;
			buildSettings = {
				ASSETCATALOG_COMPILER_APPICON_NAME = AppIcon;
				ASSETCATALOG_COMPILER_GLOBAL_ACCENT_COLOR_NAME = AccentColor;
				CODE_SIGN_STYLE = Automatic;
				CURRENT_PROJECT_VERSION = 1;
				DEVELOPMENT_ASSET_PATHS = "\"Wordy/Resources\"";
				ENABLE_PREVIEWS = YES;
				GENERATE_INFOPLIST_FILE = YES;
				INFOPLIST_FILE = Wordy/Info.plist;
				INFOPLIST_KEY_UIApplicationSupportsIndirectInputEvents = YES;
				INFOPLIST_KEY_UILaunchScreen_Generation = YES;
				INFOPLIST_KEY_UISupportedInterfaceOrientations_iPad = "UIInterfaceOrientationPortrait UIInterfaceOrientationPortraitUpsideDown UIInterfaceOrientationLandscapeLeft UIInterfaceOrientationLandscapeRight";
				INFOPLIST_KEY_UISupportedInterfaceOrientations_iPhone = "UIInterfaceOrientationPortrait UIInterfaceOrientationLandscapeLeft UIInterfaceOrientationLandscapeRight";
				LD_RUNPATH_SEARCH_PATHS = (
					"$(inherited)",
					"@executable_path/Frameworks",
				);
				MARKETING_VERSION = 1.0;
				PRODUCT_BUNDLE_IDENTIFIER = com.z1joey.Wordy;
				PRODUCT_NAME = "$(TARGET_NAME)";
				SWIFT_EMIT_LOC_STRINGS = YES;
				SWIFT_VERSION = 5.0;
				TARGETED_DEVICE_FAMILY = "1,2";
			};
			name = Debug;
		};
		D4AA7BC129A5AE4500CC463A /* Release */ = {
			isa = XCBuildConfiguration;
			buildSettings = {
				ASSETCATALOG_COMPILER_APPICON_NAME = AppIcon;
				ASSETCATALOG_COMPILER_GLOBAL_ACCENT_COLOR_NAME = AccentColor;
				CODE_SIGN_STYLE = Automatic;
				CURRENT_PROJECT_VERSION = 1;
				DEVELOPMENT_ASSET_PATHS = "\"Wordy/Resources\"";
				ENABLE_PREVIEWS = YES;
				GENERATE_INFOPLIST_FILE = YES;
				INFOPLIST_FILE = Wordy/Info.plist;
				INFOPLIST_KEY_UIApplicationSupportsIndirectInputEvents = YES;
				INFOPLIST_KEY_UILaunchScreen_Generation = YES;
				INFOPLIST_KEY_UISupportedInterfaceOrientations_iPad = "UIInterfaceOrientationPortrait UIInterfaceOrientationPortraitUpsideDown UIInterfaceOrientationLandscapeLeft UIInterfaceOrientationLandscapeRight";
				INFOPLIST_KEY_UISupportedInterfaceOrientations_iPhone = "UIInterfaceOrientationPortrait UIInterfaceOrientationLandscapeLeft UIInterfaceOrientationLandscapeRight";
				LD_RUNPATH_SEARCH_PATHS = (
					"$(inherited)",
					"@executable_path/Frameworks",
				);
				MARKETING_VERSION = 1.0;
				PRODUCT_BUNDLE_IDENTIFIER = com.z1joey.Wordy;
				PRODUCT_NAME = "$(TARGET_NAME)";
				SWIFT_EMIT_LOC_STRINGS = YES;
				SWIFT_VERSION = 5.0;
				TARGETED_DEVICE_FAMILY = "1,2";
			};
			name = Release;
		};
		D4AA7BC329A5AE4500CC463A /* Debug */ = {
			isa = XCBuildConfiguration;
			buildSettings = {
				ALWAYS_EMBED_SWIFT_STANDARD_LIBRARIES = YES;
				BUNDLE_LOADER = "$(TEST_HOST)";
				CODE_SIGN_STYLE = Automatic;
				CURRENT_PROJECT_VERSION = 1;
				GENERATE_INFOPLIST_FILE = YES;
				IPHONEOS_DEPLOYMENT_TARGET = 16.2;
				MARKETING_VERSION = 1.0;
				PRODUCT_BUNDLE_IDENTIFIER = com.z1joey.WordyTests;
				PRODUCT_NAME = "$(TARGET_NAME)";
				SWIFT_EMIT_LOC_STRINGS = NO;
				SWIFT_VERSION = 5.0;
				TARGETED_DEVICE_FAMILY = "1,2";
				TEST_HOST = "$(BUILT_PRODUCTS_DIR)/Wordy.app/$(BUNDLE_EXECUTABLE_FOLDER_PATH)/Wordy";
			};
			name = Debug;
		};
		D4AA7BC429A5AE4500CC463A /* Release */ = {
			isa = XCBuildConfiguration;
			buildSettings = {
				ALWAYS_EMBED_SWIFT_STANDARD_LIBRARIES = YES;
				BUNDLE_LOADER = "$(TEST_HOST)";
				CODE_SIGN_STYLE = Automatic;
				CURRENT_PROJECT_VERSION = 1;
				GENERATE_INFOPLIST_FILE = YES;
				IPHONEOS_DEPLOYMENT_TARGET = 16.2;
				MARKETING_VERSION = 1.0;
				PRODUCT_BUNDLE_IDENTIFIER = com.z1joey.WordyTests;
				PRODUCT_NAME = "$(TARGET_NAME)";
				SWIFT_EMIT_LOC_STRINGS = NO;
				SWIFT_VERSION = 5.0;
				TARGETED_DEVICE_FAMILY = "1,2";
				TEST_HOST = "$(BUILT_PRODUCTS_DIR)/Wordy.app/$(BUNDLE_EXECUTABLE_FOLDER_PATH)/Wordy";
			};
			name = Release;
		};
		D4AA7BC629A5AE4500CC463A /* Debug */ = {
			isa = XCBuildConfiguration;
			buildSettings = {
				ALWAYS_EMBED_SWIFT_STANDARD_LIBRARIES = YES;
				CODE_SIGN_STYLE = Automatic;
				CURRENT_PROJECT_VERSION = 1;
				GENERATE_INFOPLIST_FILE = YES;
				MARKETING_VERSION = 1.0;
				PRODUCT_BUNDLE_IDENTIFIER = com.z1joey.WordyUITests;
				PRODUCT_NAME = "$(TARGET_NAME)";
				SWIFT_EMIT_LOC_STRINGS = NO;
				SWIFT_VERSION = 5.0;
				TARGETED_DEVICE_FAMILY = "1,2";
				TEST_TARGET_NAME = Wordy;
			};
			name = Debug;
		};
		D4AA7BC729A5AE4500CC463A /* Release */ = {
			isa = XCBuildConfiguration;
			buildSettings = {
				ALWAYS_EMBED_SWIFT_STANDARD_LIBRARIES = YES;
				CODE_SIGN_STYLE = Automatic;
				CURRENT_PROJECT_VERSION = 1;
				GENERATE_INFOPLIST_FILE = YES;
				MARKETING_VERSION = 1.0;
				PRODUCT_BUNDLE_IDENTIFIER = com.z1joey.WordyUITests;
				PRODUCT_NAME = "$(TARGET_NAME)";
				SWIFT_EMIT_LOC_STRINGS = NO;
				SWIFT_VERSION = 5.0;
				TARGETED_DEVICE_FAMILY = "1,2";
				TEST_TARGET_NAME = Wordy;
			};
			name = Release;
		};
/* End XCBuildConfiguration section */

/* Begin XCConfigurationList section */
		D4AA7B9629A5AE4400CC463A /* Build configuration list for PBXProject "Wordy" */ = {
			isa = XCConfigurationList;
			buildConfigurations = (
				D4AA7BBD29A5AE4500CC463A /* Debug */,
				D4AA7BBE29A5AE4500CC463A /* Release */,
			);
			defaultConfigurationIsVisible = 0;
			defaultConfigurationName = Release;
		};
		D4AA7BBF29A5AE4500CC463A /* Build configuration list for PBXNativeTarget "Wordy" */ = {
			isa = XCConfigurationList;
			buildConfigurations = (
				D4AA7BC029A5AE4500CC463A /* Debug */,
				D4AA7BC129A5AE4500CC463A /* Release */,
			);
			defaultConfigurationIsVisible = 0;
			defaultConfigurationName = Release;
		};
		D4AA7BC229A5AE4500CC463A /* Build configuration list for PBXNativeTarget "WordyTests" */ = {
			isa = XCConfigurationList;
			buildConfigurations = (
				D4AA7BC329A5AE4500CC463A /* Debug */,
				D4AA7BC429A5AE4500CC463A /* Release */,
			);
			defaultConfigurationIsVisible = 0;
			defaultConfigurationName = Release;
		};
		D4AA7BC529A5AE4500CC463A /* Build configuration list for PBXNativeTarget "WordyUITests" */ = {
			isa = XCConfigurationList;
			buildConfigurations = (
				D4AA7BC629A5AE4500CC463A /* Debug */,
				D4AA7BC729A5AE4500CC463A /* Release */,
			);
			defaultConfigurationIsVisible = 0;
			defaultConfigurationName = Release;
		};
/* End XCConfigurationList section */

/* Begin XCRemoteSwiftPackageReference section */
		D4AA7BC829A5B0A100CC463A /* XCRemoteSwiftPackageReference "SQLite.swift" */ = {
			isa = XCRemoteSwiftPackageReference;
			repositoryURL = "https://github.com/stephencelis/SQLite.swift.git";
			requirement = {
				branch = master;
				kind = branch;
			};
		};
/* End XCRemoteSwiftPackageReference section */

/* Begin XCSwiftPackageProductDependency section */
		D4AA7BC929A5B0A100CC463A /* SQLite */ = {
			isa = XCSwiftPackageProductDependency;
			package = D4AA7BC829A5B0A100CC463A /* XCRemoteSwiftPackageReference "SQLite.swift" */;
			productName = SQLite;
		};
/* End XCSwiftPackageProductDependency section */

/* Begin XCVersionGroup section */
		D46DB7E229BB412700645147 /* FlyingWords.xcdatamodeld */ = {
			isa = XCVersionGroup;
			children = (
				D46DB7E329BB412700645147 /* FlyingWords.xcdatamodel */,
			);
			currentVersion = D46DB7E329BB412700645147 /* FlyingWords.xcdatamodel */;
			path = FlyingWords.xcdatamodeld;
			sourceTree = "<group>";
			versionGroupType = wrapper.xcdatamodel;
		};
/* End XCVersionGroup section */
	};
	rootObject = D4AA7B9329A5AE4400CC463A /* Project object */;
}
